// !$*UTF8*$!
{
	archiveVersion = 1;
	classes = {
	};
	objectVersion = 46;
	objects = {

/* Begin PBXBuildFile section */
		FC0C3E98187C8A2000BFEC9F /* Storyboard.storyboard in Resources */ = {isa = PBXBuildFile; fileRef = FC0C3E97187C8A2000BFEC9F /* Storyboard.storyboard */; };
		FC5880BA187759F4004469CF /* Foundation.framework in Frameworks */ = {isa = PBXBuildFile; fileRef = FC5880B9187759F4004469CF /* Foundation.framework */; };
		FC5880BC187759F4004469CF /* CoreGraphics.framework in Frameworks */ = {isa = PBXBuildFile; fileRef = FC5880BB187759F4004469CF /* CoreGraphics.framework */; };
		FC5880BE187759F4004469CF /* UIKit.framework in Frameworks */ = {isa = PBXBuildFile; fileRef = FC5880BD187759F4004469CF /* UIKit.framework */; };
		FC5880C4187759F4004469CF /* InfoPlist.strings in Resources */ = {isa = PBXBuildFile; fileRef = FC5880C2187759F4004469CF /* InfoPlist.strings */; };
		FC5880C6187759F4004469CF /* main.m in Sources */ = {isa = PBXBuildFile; fileRef = FC5880C5187759F4004469CF /* main.m */; };
		FC5880CA187759F4004469CF /* AppDelegate.m in Sources */ = {isa = PBXBuildFile; fileRef = FC5880C9187759F4004469CF /* AppDelegate.m */; };
		FC5880CC187759F4004469CF /* Images.xcassets in Resources */ = {isa = PBXBuildFile; fileRef = FC5880CB187759F4004469CF /* Images.xcassets */; };
		FC5880D3187759F5004469CF /* XCTest.framework in Frameworks */ = {isa = PBXBuildFile; fileRef = FC5880D2187759F5004469CF /* XCTest.framework */; };
		FC5880D4187759F5004469CF /* Foundation.framework in Frameworks */ = {isa = PBXBuildFile; fileRef = FC5880B9187759F4004469CF /* Foundation.framework */; };
		FC5880D5187759F5004469CF /* UIKit.framework in Frameworks */ = {isa = PBXBuildFile; fileRef = FC5880BD187759F4004469CF /* UIKit.framework */; };
		FC5880DD187759F5004469CF /* InfoPlist.strings in Resources */ = {isa = PBXBuildFile; fileRef = FC5880DB187759F5004469CF /* InfoPlist.strings */; };
		FC5880DF187759F5004469CF /* KerberosTests.m in Sources */ = {isa = PBXBuildFile; fileRef = FC5880DE187759F5004469CF /* KerberosTests.m */; };
		FC5880E918775F12004469CF /* libsqlite3.dylib in Frameworks */ = {isa = PBXBuildFile; fileRef = FC5880E818775F12004469CF /* libsqlite3.dylib */; };
		FC5880EF18775F66004469CF /* StoryViewController.m in Sources */ = {isa = PBXBuildFile; fileRef = FC5880EE18775F66004469CF /* StoryViewController.m */; };
		FC5880F218775F9A004469CF /* SceneDecider.m in Sources */ = {isa = PBXBuildFile; fileRef = FC5880F118775F9A004469CF /* SceneDecider.m */; };
		FC5880F518775FA4004469CF /* SceneDrawer.m in Sources */ = {isa = PBXBuildFile; fileRef = FC5880F418775FA4004469CF /* SceneDrawer.m */; };
		FC5880F818775FB4004469CF /* Scene.m in Sources */ = {isa = PBXBuildFile; fileRef = FC5880F718775FB4004469CF /* Scene.m */; };
		FC5880FB18775FBE004469CF /* Start.m in Sources */ = {isa = PBXBuildFile; fileRef = FC5880FA18775FBE004469CF /* Start.m */; };
		FC58810118775FFC004469CF /* DatabaseUtility.m in Sources */ = {isa = PBXBuildFile; fileRef = FC58810018775FFC004469CF /* DatabaseUtility.m */; };
		FC58810418776019004469CF /* ShootingGameViewController.m in Sources */ = {isa = PBXBuildFile; fileRef = FC58810318776019004469CF /* ShootingGameViewController.m */; };
		FC5881071877602A004469CF /* ShootingGame.m in Sources */ = {isa = PBXBuildFile; fileRef = FC5881061877602A004469CF /* ShootingGame.m */; };
		FC58810B18776090004469CF /* SceneModel.m in Sources */ = {isa = PBXBuildFile; fileRef = FC58810A18776090004469CF /* SceneModel.m */; };
		FC58810E18776099004469CF /* ChoiceModel.m in Sources */ = {isa = PBXBuildFile; fileRef = FC58810D18776099004469CF /* ChoiceModel.m */; };
		FC588111187760C5004469CF /* SaveModel.m in Sources */ = {isa = PBXBuildFile; fileRef = FC588110187760C5004469CF /* SaveModel.m */; };
		FC588114187760F5004469CF /* GameModel.m in Sources */ = {isa = PBXBuildFile; fileRef = FC588113187760F5004469CF /* GameModel.m */; };
		FC588117187760FE004469CF /* PlayerModel.m in Sources */ = {isa = PBXBuildFile; fileRef = FC588116187760FE004469CF /* PlayerModel.m */; };
		FC58811A1877610A004469CF /* PlayerController.m in Sources */ = {isa = PBXBuildFile; fileRef = FC5881191877610A004469CF /* PlayerController.m */; };
		FC58811D18776119004469CF /* SaveController.m in Sources */ = {isa = PBXBuildFile; fileRef = FC58811C18776119004469CF /* SaveController.m */; };
		FC58812018776153004469CF /* GameController.m in Sources */ = {isa = PBXBuildFile; fileRef = FC58811F18776153004469CF /* GameController.m */; };
		FCA370781877677900464FE1 /* kerebos.db in Resources */ = {isa = PBXBuildFile; fileRef = FCA370771877677900464FE1 /* kerebos.db */; };
		FCC4AE98187DE89C00E6F374 /* StartViewController.m in Sources */ = {isa = PBXBuildFile; fileRef = FCC4AE97187DE89C00E6F374 /* StartViewController.m */; };
/* End PBXBuildFile section */

/* Begin PBXContainerItemProxy section */
		FC5880D6187759F5004469CF /* PBXContainerItemProxy */ = {
			isa = PBXContainerItemProxy;
			containerPortal = FC5880AE187759F4004469CF /* Project object */;
			proxyType = 1;
			remoteGlobalIDString = FC5880B5187759F4004469CF;
			remoteInfo = Kerberos;
		};
/* End PBXContainerItemProxy section */

/* Begin PBXFileReference section */
		FC0C3E97187C8A2000BFEC9F /* Storyboard.storyboard */ = {isa = PBXFileReference; fileEncoding = 4; lastKnownFileType = file.storyboard; path = Storyboard.storyboard; sourceTree = "<group>"; };
		FC5880B6187759F4004469CF /* Kerberos.app */ = {isa = PBXFileReference; explicitFileType = wrapper.application; includeInIndex = 0; path = Kerberos.app; sourceTree = BUILT_PRODUCTS_DIR; };
		FC5880B9187759F4004469CF /* Foundation.framework */ = {isa = PBXFileReference; lastKnownFileType = wrapper.framework; name = Foundation.framework; path = System/Library/Frameworks/Foundation.framework; sourceTree = SDKROOT; };
		FC5880BB187759F4004469CF /* CoreGraphics.framework */ = {isa = PBXFileReference; lastKnownFileType = wrapper.framework; name = CoreGraphics.framework; path = System/Library/Frameworks/CoreGraphics.framework; sourceTree = SDKROOT; };
		FC5880BD187759F4004469CF /* UIKit.framework */ = {isa = PBXFileReference; lastKnownFileType = wrapper.framework; name = UIKit.framework; path = System/Library/Frameworks/UIKit.framework; sourceTree = SDKROOT; };
		FC5880C1187759F4004469CF /* Kerberos-Info.plist */ = {isa = PBXFileReference; lastKnownFileType = text.plist.xml; path = "Kerberos-Info.plist"; sourceTree = "<group>"; };
		FC5880C3187759F4004469CF /* en */ = {isa = PBXFileReference; lastKnownFileType = text.plist.strings; name = en; path = en.lproj/InfoPlist.strings; sourceTree = "<group>"; };
		FC5880C5187759F4004469CF /* main.m */ = {isa = PBXFileReference; lastKnownFileType = sourcecode.c.objc; path = main.m; sourceTree = "<group>"; };
		FC5880C7187759F4004469CF /* Kerberos-Prefix.pch */ = {isa = PBXFileReference; lastKnownFileType = sourcecode.c.h; path = "Kerberos-Prefix.pch"; sourceTree = "<group>"; };
		FC5880C8187759F4004469CF /* AppDelegate.h */ = {isa = PBXFileReference; lastKnownFileType = sourcecode.c.h; path = AppDelegate.h; sourceTree = "<group>"; };
		FC5880C9187759F4004469CF /* AppDelegate.m */ = {isa = PBXFileReference; lastKnownFileType = sourcecode.c.objc; path = AppDelegate.m; sourceTree = "<group>"; };
		FC5880CB187759F4004469CF /* Images.xcassets */ = {isa = PBXFileReference; lastKnownFileType = folder.assetcatalog; path = Images.xcassets; sourceTree = "<group>"; };
		FC5880D1187759F5004469CF /* KerberosTests.xctest */ = {isa = PBXFileReference; explicitFileType = wrapper.cfbundle; includeInIndex = 0; path = KerberosTests.xctest; sourceTree = BUILT_PRODUCTS_DIR; };
		FC5880D2187759F5004469CF /* XCTest.framework */ = {isa = PBXFileReference; lastKnownFileType = wrapper.framework; name = XCTest.framework; path = Library/Frameworks/XCTest.framework; sourceTree = DEVELOPER_DIR; };
		FC5880DA187759F5004469CF /* KerberosTests-Info.plist */ = {isa = PBXFileReference; lastKnownFileType = text.plist.xml; path = "KerberosTests-Info.plist"; sourceTree = "<group>"; };
		FC5880DC187759F5004469CF /* en */ = {isa = PBXFileReference; lastKnownFileType = text.plist.strings; name = en; path = en.lproj/InfoPlist.strings; sourceTree = "<group>"; };
		FC5880DE187759F5004469CF /* KerberosTests.m */ = {isa = PBXFileReference; lastKnownFileType = sourcecode.c.objc; path = KerberosTests.m; sourceTree = "<group>"; };
		FC5880E818775F12004469CF /* libsqlite3.dylib */ = {isa = PBXFileReference; lastKnownFileType = "compiled.mach-o.dylib"; name = libsqlite3.dylib; path = usr/lib/libsqlite3.dylib; sourceTree = SDKROOT; };
		FC5880ED18775F66004469CF /* StoryViewController.h */ = {isa = PBXFileReference; fileEncoding = 4; lastKnownFileType = sourcecode.c.h; path = StoryViewController.h; sourceTree = "<group>"; };
		FC5880EE18775F66004469CF /* StoryViewController.m */ = {isa = PBXFileReference; fileEncoding = 4; lastKnownFileType = sourcecode.c.objc; path = StoryViewController.m; sourceTree = "<group>"; };
		FC5880F018775F9A004469CF /* SceneDecider.h */ = {isa = PBXFileReference; fileEncoding = 4; lastKnownFileType = sourcecode.c.h; path = SceneDecider.h; sourceTree = "<group>"; };
		FC5880F118775F9A004469CF /* SceneDecider.m */ = {isa = PBXFileReference; fileEncoding = 4; lastKnownFileType = sourcecode.c.objc; path = SceneDecider.m; sourceTree = "<group>"; };
		FC5880F318775FA4004469CF /* SceneDrawer.h */ = {isa = PBXFileReference; fileEncoding = 4; lastKnownFileType = sourcecode.c.h; path = SceneDrawer.h; sourceTree = "<group>"; };
		FC5880F418775FA4004469CF /* SceneDrawer.m */ = {isa = PBXFileReference; fileEncoding = 4; lastKnownFileType = sourcecode.c.objc; path = SceneDrawer.m; sourceTree = "<group>"; };
		FC5880F618775FB4004469CF /* Scene.h */ = {isa = PBXFileReference; fileEncoding = 4; lastKnownFileType = sourcecode.c.h; path = Scene.h; sourceTree = "<group>"; };
		FC5880F718775FB4004469CF /* Scene.m */ = {isa = PBXFileReference; fileEncoding = 4; lastKnownFileType = sourcecode.c.objc; path = Scene.m; sourceTree = "<group>"; };
		FC5880F918775FBE004469CF /* Start.h */ = {isa = PBXFileReference; fileEncoding = 4; lastKnownFileType = sourcecode.c.h; path = Start.h; sourceTree = "<group>"; };
		FC5880FA18775FBE004469CF /* Start.m */ = {isa = PBXFileReference; fileEncoding = 4; lastKnownFileType = sourcecode.c.objc; path = Start.m; sourceTree = "<group>"; };
		FC5880FF18775FFC004469CF /* DatabaseUtility.h */ = {isa = PBXFileReference; fileEncoding = 4; lastKnownFileType = sourcecode.c.h; path = DatabaseUtility.h; sourceTree = "<group>"; };
		FC58810018775FFC004469CF /* DatabaseUtility.m */ = {isa = PBXFileReference; fileEncoding = 4; lastKnownFileType = sourcecode.c.objc; path = DatabaseUtility.m; sourceTree = "<group>"; };
		FC58810218776019004469CF /* ShootingGameViewController.h */ = {isa = PBXFileReference; fileEncoding = 4; lastKnownFileType = sourcecode.c.h; path = ShootingGameViewController.h; sourceTree = "<group>"; };
		FC58810318776019004469CF /* ShootingGameViewController.m */ = {isa = PBXFileReference; fileEncoding = 4; lastKnownFileType = sourcecode.c.objc; path = ShootingGameViewController.m; sourceTree = "<group>"; };
		FC5881051877602A004469CF /* ShootingGame.h */ = {isa = PBXFileReference; fileEncoding = 4; lastKnownFileType = sourcecode.c.h; path = ShootingGame.h; sourceTree = "<group>"; };
		FC5881061877602A004469CF /* ShootingGame.m */ = {isa = PBXFileReference; fileEncoding = 4; lastKnownFileType = sourcecode.c.objc; path = ShootingGame.m; sourceTree = "<group>"; };
		FC58810918776090004469CF /* SceneModel.h */ = {isa = PBXFileReference; fileEncoding = 4; lastKnownFileType = sourcecode.c.h; path = SceneModel.h; sourceTree = "<group>"; };
		FC58810A18776090004469CF /* SceneModel.m */ = {isa = PBXFileReference; fileEncoding = 4; lastKnownFileType = sourcecode.c.objc; path = SceneModel.m; sourceTree = "<group>"; };
		FC58810C18776099004469CF /* ChoiceModel.h */ = {isa = PBXFileReference; fileEncoding = 4; lastKnownFileType = sourcecode.c.h; path = ChoiceModel.h; sourceTree = "<group>"; };
		FC58810D18776099004469CF /* ChoiceModel.m */ = {isa = PBXFileReference; fileEncoding = 4; lastKnownFileType = sourcecode.c.objc; path = ChoiceModel.m; sourceTree = "<group>"; };
		FC58810F187760C5004469CF /* SaveModel.h */ = {isa = PBXFileReference; fileEncoding = 4; lastKnownFileType = sourcecode.c.h; path = SaveModel.h; sourceTree = "<group>"; };
		FC588110187760C5004469CF /* SaveModel.m */ = {isa = PBXFileReference; fileEncoding = 4; lastKnownFileType = sourcecode.c.objc; path = SaveModel.m; sourceTree = "<group>"; };
		FC588112187760F5004469CF /* GameModel.h */ = {isa = PBXFileReference; fileEncoding = 4; lastKnownFileType = sourcecode.c.h; path = GameModel.h; sourceTree = "<group>"; };
		FC588113187760F5004469CF /* GameModel.m */ = {isa = PBXFileReference; fileEncoding = 4; lastKnownFileType = sourcecode.c.objc; path = GameModel.m; sourceTree = "<group>"; };
		FC588115187760FE004469CF /* PlayerModel.h */ = {isa = PBXFileReference; fileEncoding = 4; lastKnownFileType = sourcecode.c.h; path = PlayerModel.h; sourceTree = "<group>"; };
		FC588116187760FE004469CF /* PlayerModel.m */ = {isa = PBXFileReference; fileEncoding = 4; lastKnownFileType = sourcecode.c.objc; path = PlayerModel.m; sourceTree = "<group>"; };
		FC5881181877610A004469CF /* PlayerController.h */ = {isa = PBXFileReference; fileEncoding = 4; lastKnownFileType = sourcecode.c.h; path = PlayerController.h; sourceTree = "<group>"; };
		FC5881191877610A004469CF /* PlayerController.m */ = {isa = PBXFileReference; fileEncoding = 4; lastKnownFileType = sourcecode.c.objc; path = PlayerController.m; sourceTree = "<group>"; };
		FC58811B18776119004469CF /* SaveController.h */ = {isa = PBXFileReference; fileEncoding = 4; lastKnownFileType = sourcecode.c.h; path = SaveController.h; sourceTree = "<group>"; };
		FC58811C18776119004469CF /* SaveController.m */ = {isa = PBXFileReference; fileEncoding = 4; lastKnownFileType = sourcecode.c.objc; path = SaveController.m; sourceTree = "<group>"; };
		FC58811E18776153004469CF /* GameController.h */ = {isa = PBXFileReference; fileEncoding = 4; lastKnownFileType = sourcecode.c.h; path = GameController.h; sourceTree = "<group>"; };
		FC58811F18776153004469CF /* GameController.m */ = {isa = PBXFileReference; fileEncoding = 4; lastKnownFileType = sourcecode.c.objc; path = GameController.m; sourceTree = "<group>"; };
		FCA370771877677900464FE1 /* kerebos.db */ = {isa = PBXFileReference; lastKnownFileType = file; path = kerebos.db; sourceTree = "<group>"; };
		FCC4AE96187DE89C00E6F374 /* StartViewController.h */ = {isa = PBXFileReference; fileEncoding = 4; lastKnownFileType = sourcecode.c.h; path = StartViewController.h; sourceTree = "<group>"; };
		FCC4AE97187DE89C00E6F374 /* StartViewController.m */ = {isa = PBXFileReference; fileEncoding = 4; lastKnownFileType = sourcecode.c.objc; path = StartViewController.m; sourceTree = "<group>"; };
/* End PBXFileReference section */

/* Begin PBXFrameworksBuildPhase section */
		FC5880B3187759F4004469CF /* Frameworks */ = {
			isa = PBXFrameworksBuildPhase;
			buildActionMask = 2147483647;
			files = (
				FC5880E918775F12004469CF /* libsqlite3.dylib in Frameworks */,
				FC5880BC187759F4004469CF /* CoreGraphics.framework in Frameworks */,
				FC5880BE187759F4004469CF /* UIKit.framework in Frameworks */,
				FC5880BA187759F4004469CF /* Foundation.framework in Frameworks */,
			);
			runOnlyForDeploymentPostprocessing = 0;
		};
		FC5880CE187759F5004469CF /* Frameworks */ = {
			isa = PBXFrameworksBuildPhase;
			buildActionMask = 2147483647;
			files = (
				FC5880D3187759F5004469CF /* XCTest.framework in Frameworks */,
				FC5880D5187759F5004469CF /* UIKit.framework in Frameworks */,
				FC5880D4187759F5004469CF /* Foundation.framework in Frameworks */,
			);
			runOnlyForDeploymentPostprocessing = 0;
		};
/* End PBXFrameworksBuildPhase section */

/* Begin PBXGroup section */
		FC5880AD187759F4004469CF = {
			isa = PBXGroup;
			children = (
				FC5880BF187759F4004469CF /* Kerberos */,
				FC5880D8187759F5004469CF /* KerberosTests */,
				FC5880B8187759F4004469CF /* Frameworks */,
				FC5880B7187759F4004469CF /* Products */,
			);
			sourceTree = "<group>";
		};
		FC5880B7187759F4004469CF /* Products */ = {
			isa = PBXGroup;
			children = (
				FC5880B6187759F4004469CF /* Kerberos.app */,
				FC5880D1187759F5004469CF /* KerberosTests.xctest */,
			);
			name = Products;
			sourceTree = "<group>";
		};
		FC5880B8187759F4004469CF /* Frameworks */ = {
			isa = PBXGroup;
			children = (
				FC5880E818775F12004469CF /* libsqlite3.dylib */,
				FC5880B9187759F4004469CF /* Foundation.framework */,
				FC5880BB187759F4004469CF /* CoreGraphics.framework */,
				FC5880BD187759F4004469CF /* UIKit.framework */,
				FC5880D2187759F5004469CF /* XCTest.framework */,
			);
			name = Frameworks;
			sourceTree = "<group>";
		};
		FC5880BF187759F4004469CF /* Kerberos */ = {
			isa = PBXGroup;
			children = (
				FC0C3E97187C8A2000BFEC9F /* Storyboard.storyboard */,
				FC58810818776078004469CF /* Models */,
				FC5880FD18775FCC004469CF /* Controllers */,
				FC5880FC18775FC2004469CF /* Views */,
				FC5880FE18775FE3004469CF /* Utilities */,
				FC5880C9187759F4004469CF /* AppDelegate.m */,
				FC5880C8187759F4004469CF /* AppDelegate.h */,
				FC5880CB187759F4004469CF /* Images.xcassets */,
				FC5880C0187759F4004469CF /* Supporting Files */,
			);
			path = Kerberos;
			sourceTree = "<group>";
		};
		FC5880C0187759F4004469CF /* Supporting Files */ = {
			isa = PBXGroup;
			children = (
				FCA370771877677900464FE1 /* kerebos.db */,
				FC5880C1187759F4004469CF /* Kerberos-Info.plist */,
				FC5880C2187759F4004469CF /* InfoPlist.strings */,
				FC5880C5187759F4004469CF /* main.m */,
				FC5880C7187759F4004469CF /* Kerberos-Prefix.pch */,
			);
			name = "Supporting Files";
			sourceTree = "<group>";
		};
		FC5880D8187759F5004469CF /* KerberosTests */ = {
			isa = PBXGroup;
			children = (
				FC5880DE187759F5004469CF /* KerberosTests.m */,
				FC5880D9187759F5004469CF /* Supporting Files */,
			);
			path = KerberosTests;
			sourceTree = "<group>";
		};
		FC5880D9187759F5004469CF /* Supporting Files */ = {
			isa = PBXGroup;
			children = (
				FC5880DA187759F5004469CF /* KerberosTests-Info.plist */,
				FC5880DB187759F5004469CF /* InfoPlist.strings */,
			);
			name = "Supporting Files";
			sourceTree = "<group>";
		};
		FC5880FC18775FC2004469CF /* Views */ = {
			isa = PBXGroup;
			children = (
				FC5880F618775FB4004469CF /* Scene.h */,
				FC5880F718775FB4004469CF /* Scene.m */,
				FC5880F918775FBE004469CF /* Start.h */,
				FC5880FA18775FBE004469CF /* Start.m */,
				FC5881051877602A004469CF /* ShootingGame.h */,
				FC5881061877602A004469CF /* ShootingGame.m */,
			);
			name = Views;
			sourceTree = "<group>";
		};
		FC5880FD18775FCC004469CF /* Controllers */ = {
			isa = PBXGroup;
			children = (
				FC5880ED18775F66004469CF /* StoryViewController.h */,
				FC5880EE18775F66004469CF /* StoryViewController.m */,
				FC58810218776019004469CF /* ShootingGameViewController.h */,
				FC58810318776019004469CF /* ShootingGameViewController.m */,
				FC5881181877610A004469CF /* PlayerController.h */,
				FC5881191877610A004469CF /* PlayerController.m */,
				FC58811B18776119004469CF /* SaveController.h */,
				FC58811C18776119004469CF /* SaveController.m */,
				FC58811E18776153004469CF /* GameController.h */,
				FC58811F18776153004469CF /* GameController.m */,
				FCC4AE96187DE89C00E6F374 /* StartViewController.h */,
				FCC4AE97187DE89C00E6F374 /* StartViewController.m */,
			);
			name = Controllers;
			sourceTree = "<group>";
		};
		FC5880FE18775FE3004469CF /* Utilities */ = {
			isa = PBXGroup;
			children = (
				FC5880F018775F9A004469CF /* SceneDecider.h */,
				FC5880F118775F9A004469CF /* SceneDecider.m */,
				FC5880F318775FA4004469CF /* SceneDrawer.h */,
				FC5880F418775FA4004469CF /* SceneDrawer.m */,
				FC5880FF18775FFC004469CF /* DatabaseUtility.h */,
				FC58810018775FFC004469CF /* DatabaseUtility.m */,
			);
			name = Utilities;
			sourceTree = "<group>";
		};
		FC58810818776078004469CF /* Models */ = {
			isa = PBXGroup;
			children = (
				FC58810918776090004469CF /* SceneModel.h */,
				FC58810A18776090004469CF /* SceneModel.m */,
				FC58810C18776099004469CF /* ChoiceModel.h */,
				FC58810D18776099004469CF /* ChoiceModel.m */,
				FC58810F187760C5004469CF /* SaveModel.h */,
				FC588110187760C5004469CF /* SaveModel.m */,
				FC588112187760F5004469CF /* GameModel.h */,
				FC588113187760F5004469CF /* GameModel.m */,
				FC588115187760FE004469CF /* PlayerModel.h */,
				FC588116187760FE004469CF /* PlayerModel.m */,
			);
			name = Models;
			sourceTree = "<group>";
		};
/* End PBXGroup section */

/* Begin PBXNativeTarget section */
		FC5880B5187759F4004469CF /* Kerberos */ = {
			isa = PBXNativeTarget;
			buildConfigurationList = FC5880E2187759F5004469CF /* Build configuration list for PBXNativeTarget "Kerberos" */;
			buildPhases = (
				FC5880B2187759F4004469CF /* Sources */,
				FC5880B3187759F4004469CF /* Frameworks */,
				FC5880B4187759F4004469CF /* Resources */,
			);
			buildRules = (
			);
			dependencies = (
			);
			name = Kerberos;
			productName = Kerberos;
			productReference = FC5880B6187759F4004469CF /* Kerberos.app */;
			productType = "com.apple.product-type.application";
		};
		FC5880D0187759F5004469CF /* KerberosTests */ = {
			isa = PBXNativeTarget;
			buildConfigurationList = FC5880E5187759F5004469CF /* Build configuration list for PBXNativeTarget "KerberosTests" */;
			buildPhases = (
				FC5880CD187759F5004469CF /* Sources */,
				FC5880CE187759F5004469CF /* Frameworks */,
				FC5880CF187759F5004469CF /* Resources */,
			);
			buildRules = (
			);
			dependencies = (
				FC5880D7187759F5004469CF /* PBXTargetDependency */,
			);
			name = KerberosTests;
			productName = KerberosTests;
			productReference = FC5880D1187759F5004469CF /* KerberosTests.xctest */;
			productType = "com.apple.product-type.bundle.unit-test";
		};
/* End PBXNativeTarget section */

/* Begin PBXProject section */
		FC5880AE187759F4004469CF /* Project object */ = {
			isa = PBXProject;
			attributes = {
				LastUpgradeCheck = 0500;
				ORGANIZATIONNAME = "Eric Barber";
				TargetAttributes = {
					FC5880B5187759F4004469CF = {
						DevelopmentTeam = 6QAYTF27QH;
					};
					FC5880D0187759F5004469CF = {
						TestTargetID = FC5880B5187759F4004469CF;
					};
				};
			};
			buildConfigurationList = FC5880B1187759F4004469CF /* Build configuration list for PBXProject "Kerberos" */;
			compatibilityVersion = "Xcode 3.2";
			developmentRegion = English;
			hasScannedForEncodings = 0;
			knownRegions = (
				en,
			);
			mainGroup = FC5880AD187759F4004469CF;
			productRefGroup = FC5880B7187759F4004469CF /* Products */;
			projectDirPath = "";
			projectRoot = "";
			targets = (
				FC5880B5187759F4004469CF /* Kerberos */,
				FC5880D0187759F5004469CF /* KerberosTests */,
			);
		};
/* End PBXProject section */

/* Begin PBXResourcesBuildPhase section */
		FC5880B4187759F4004469CF /* Resources */ = {
			isa = PBXResourcesBuildPhase;
			buildActionMask = 2147483647;
			files = (
				FC5880C4187759F4004469CF /* InfoPlist.strings in Resources */,
				FC0C3E98187C8A2000BFEC9F /* Storyboard.storyboard in Resources */,
				FC5880CC187759F4004469CF /* Images.xcassets in Resources */,
				FCA370781877677900464FE1 /* kerebos.db in Resources */,
			);
			runOnlyForDeploymentPostprocessing = 0;
		};
		FC5880CF187759F5004469CF /* Resources */ = {
			isa = PBXResourcesBuildPhase;
			buildActionMask = 2147483647;
			files = (
				FC5880DD187759F5004469CF /* InfoPlist.strings in Resources */,
			);
			runOnlyForDeploymentPostprocessing = 0;
		};
/* End PBXResourcesBuildPhase section */

/* Begin PBXSourcesBuildPhase section */
		FC5880B2187759F4004469CF /* Sources */ = {
			isa = PBXSourcesBuildPhase;
			buildActionMask = 2147483647;
			files = (
				FC5880FB18775FBE004469CF /* Start.m in Sources */,
				FC5880EF18775F66004469CF /* StoryViewController.m in Sources */,
				FC588111187760C5004469CF /* SaveModel.m in Sources */,
				FC58810E18776099004469CF /* ChoiceModel.m in Sources */,
				FC58811D18776119004469CF /* SaveController.m in Sources */,
				FC5880CA187759F4004469CF /* AppDelegate.m in Sources */,
				FC58810118775FFC004469CF /* DatabaseUtility.m in Sources */,
				FC588117187760FE004469CF /* PlayerModel.m in Sources */,
				FC588114187760F5004469CF /* GameModel.m in Sources */,
				FC5881071877602A004469CF /* ShootingGame.m in Sources */,
				FC5880C6187759F4004469CF /* main.m in Sources */,
				FC5880F218775F9A004469CF /* SceneDecider.m in Sources */,
				FC58810418776019004469CF /* ShootingGameViewController.m in Sources */,
				FC5880F818775FB4004469CF /* Scene.m in Sources */,
				FC58812018776153004469CF /* GameController.m in Sources */,
				FC58810B18776090004469CF /* SceneModel.m in Sources */,
				FCC4AE98187DE89C00E6F374 /* StartViewController.m in Sources */,
				FC5880F518775FA4004469CF /* SceneDrawer.m in Sources */,
				FC58811A1877610A004469CF /* PlayerController.m in Sources */,
			);
			runOnlyForDeploymentPostprocessing = 0;
		};
		FC5880CD187759F5004469CF /* Sources */ = {
			isa = PBXSourcesBuildPhase;
			buildActionMask = 2147483647;
			files = (
				FC5880DF187759F5004469CF /* KerberosTests.m in Sources */,
			);
			runOnlyForDeploymentPostprocessing = 0;
		};
/* End PBXSourcesBuildPhase section */

/* Begin PBXTargetDependency section */
		FC5880D7187759F5004469CF /* PBXTargetDependency */ = {
			isa = PBXTargetDependency;
			target = FC5880B5187759F4004469CF /* Kerberos */;
			targetProxy = FC5880D6187759F5004469CF /* PBXContainerItemProxy */;
		};
/* End PBXTargetDependency section */

/* Begin PBXVariantGroup section */
		FC5880C2187759F4004469CF /* InfoPlist.strings */ = {
			isa = PBXVariantGroup;
			children = (
				FC5880C3187759F4004469CF /* en */,
			);
			name = InfoPlist.strings;
			sourceTree = "<group>";
		};
		FC5880DB187759F5004469CF /* InfoPlist.strings */ = {
			isa = PBXVariantGroup;
			children = (
				FC5880DC187759F5004469CF /* en */,
			);
			name = InfoPlist.strings;
			sourceTree = "<group>";
		};
/* End PBXVariantGroup section */

/* Begin XCBuildConfiguration section */
		FC5880E0187759F5004469CF /* Debug */ = {
			isa = XCBuildConfiguration;
			buildSettings = {
				ALWAYS_SEARCH_USER_PATHS = NO;
				ARCHS = "$(ARCHS_STANDARD_INCLUDING_64_BIT)";
				CLANG_CXX_LANGUAGE_STANDARD = "gnu++0x";
				CLANG_CXX_LIBRARY = "libc++";
				CLANG_ENABLE_MODULES = YES;
				CLANG_ENABLE_OBJC_ARC = YES;
				CLANG_WARN_BOOL_CONVERSION = YES;
				CLANG_WARN_CONSTANT_CONVERSION = YES;
				CLANG_WARN_DIRECT_OBJC_ISA_USAGE = YES_ERROR;
				CLANG_WARN_EMPTY_BODY = YES;
				CLANG_WARN_ENUM_CONVERSION = YES;
				CLANG_WARN_INT_CONVERSION = YES;
				CLANG_WARN_OBJC_ROOT_CLASS = YES_ERROR;
				CLANG_WARN__DUPLICATE_METHOD_MATCH = YES;
				"CODE_SIGN_IDENTITY[sdk=iphoneos*]" = "iPhone Developer";
				COPY_PHASE_STRIP = NO;
				GCC_C_LANGUAGE_STANDARD = gnu99;
				GCC_DYNAMIC_NO_PIC = NO;
				GCC_OPTIMIZATION_LEVEL = 0;
				GCC_PREPROCESSOR_DEFINITIONS = (
					"DEBUG=1",
					"$(inherited)",
				);
				GCC_SYMBOLS_PRIVATE_EXTERN = NO;
				GCC_WARN_64_TO_32_BIT_CONVERSION = YES;
				GCC_WARN_ABOUT_RETURN_TYPE = YES_ERROR;
				GCC_WARN_UNDECLARED_SELECTOR = YES;
				GCC_WARN_UNINITIALIZED_AUTOS = YES;
				GCC_WARN_UNUSED_FUNCTION = YES;
				GCC_WARN_UNUSED_VARIABLE = YES;
				IPHONEOS_DEPLOYMENT_TARGET = 7.0;
				ONLY_ACTIVE_ARCH = YES;
				SDKROOT = iphoneos;
			};
			name = Debug;
		};
		FC5880E1187759F5004469CF /* Release */ = {
			isa = XCBuildConfiguration;
			buildSettings = {
				ALWAYS_SEARCH_USER_PATHS = NO;
				ARCHS = "$(ARCHS_STANDARD_INCLUDING_64_BIT)";
				CLANG_CXX_LANGUAGE_STANDARD = "gnu++0x";
				CLANG_CXX_LIBRARY = "libc++";
				CLANG_ENABLE_MODULES = YES;
				CLANG_ENABLE_OBJC_ARC = YES;
				CLANG_WARN_BOOL_CONVERSION = YES;
				CLANG_WARN_CONSTANT_CONVERSION = YES;
				CLANG_WARN_DIRECT_OBJC_ISA_USAGE = YES_ERROR;
				CLANG_WARN_EMPTY_BODY = YES;
				CLANG_WARN_ENUM_CONVERSION = YES;
				CLANG_WARN_INT_CONVERSION = YES;
				CLANG_WARN_OBJC_ROOT_CLASS = YES_ERROR;
				CLANG_WARN__DUPLICATE_METHOD_MATCH = YES;
				"CODE_SIGN_IDENTITY[sdk=iphoneos*]" = "iPhone Developer";
				COPY_PHASE_STRIP = YES;
				ENABLE_NS_ASSERTIONS = NO;
				GCC_C_LANGUAGE_STANDARD = gnu99;
				GCC_WARN_64_TO_32_BIT_CONVERSION = YES;
				GCC_WARN_ABOUT_RETURN_TYPE = YES_ERROR;
				GCC_WARN_UNDECLARED_SELECTOR = YES;
				GCC_WARN_UNINITIALIZED_AUTOS = YES;
				GCC_WARN_UNUSED_FUNCTION = YES;
				GCC_WARN_UNUSED_VARIABLE = YES;
				IPHONEOS_DEPLOYMENT_TARGET = 7.0;
				SDKROOT = iphoneos;
				VALIDATE_PRODUCT = YES;
			};
			name = Release;
		};
		FC5880E3187759F5004469CF /* Debug */ = {
			isa = XCBuildConfiguration;
			buildSettings = {
				ASSETCATALOG_COMPILER_APPICON_NAME = AppIcon;
				ASSETCATALOG_COMPILER_LAUNCHIMAGE_NAME = LaunchImage;
				CODE_SIGN_IDENTITY = "iPhone Developer";
				"CODE_SIGN_IDENTITY[sdk=iphoneos*]" = "iPhone Developer";
				GCC_PRECOMPILE_PREFIX_HEADER = YES;
				GCC_PREFIX_HEADER = "Kerberos/Kerberos-Prefix.pch";
				INFOPLIST_FILE = "Kerberos/Kerberos-Info.plist";
				PRODUCT_NAME = "$(TARGET_NAME)";
				PROVISIONING_PROFILE = "";
				WRAPPER_EXTENSION = app;
			};
			name = Debug;
		};
		FC5880E4187759F5004469CF /* Release */ = {
			isa = XCBuildConfiguration;
			buildSettings = {
				ASSETCATALOG_COMPILER_APPICON_NAME = AppIcon;
				ASSETCATALOG_COMPILER_LAUNCHIMAGE_NAME = LaunchImage;
				CODE_SIGN_IDENTITY = "iPhone Developer";
				"CODE_SIGN_IDENTITY[sdk=iphoneos*]" = "iPhone Developer";
				GCC_PRECOMPILE_PREFIX_HEADER = YES;
				GCC_PREFIX_HEADER = "Kerberos/Kerberos-Prefix.pch";
				INFOPLIST_FILE = "Kerberos/Kerberos-Info.plist";
				PRODUCT_NAME = "$(TARGET_NAME)";
				PROVISIONING_PROFILE = "";
				WRAPPER_EXTENSION = app;
			};
			name = Release;
		};
		FC5880E6187759F5004469CF /* Debug */ = {
			isa = XCBuildConfiguration;
			buildSettings = {
				ARCHS = "$(ARCHS_STANDARD_INCLUDING_64_BIT)";
				BUNDLE_LOADER = "$(BUILT_PRODUCTS_DIR)/Kerberos.app/Kerberos";
				FRAMEWORK_SEARCH_PATHS = (
					"$(SDKROOT)/Developer/Library/Frameworks",
					"$(inherited)",
					"$(DEVELOPER_FRAMEWORKS_DIR)",
				);
				GCC_PRECOMPILE_PREFIX_HEADER = YES;
				GCC_PREFIX_HEADER = "Kerberos/Kerberos-Prefix.pch";
				GCC_PREPROCESSOR_DEFINITIONS = (
					"DEBUG=1",
					"$(inherited)",
				);
				INFOPLIST_FILE = "KerberosTests/KerberosTests-Info.plist";
				PRODUCT_NAME = "$(TARGET_NAME)";
				TEST_HOST = "$(BUNDLE_LOADER)";
				WRAPPER_EXTENSION = xctest;
			};
			name = Debug;
		};
		FC5880E7187759F5004469CF /* Release */ = {
			isa = XCBuildConfiguration;
			buildSettings = {
				ARCHS = "$(ARCHS_STANDARD_INCLUDING_64_BIT)";
				BUNDLE_LOADER = "$(BUILT_PRODUCTS_DIR)/Kerberos.app/Kerberos";
				FRAMEWORK_SEARCH_PATHS = (
					"$(SDKROOT)/Developer/Library/Frameworks",
					"$(inherited)",
					"$(DEVELOPER_FRAMEWORKS_DIR)",
				);
				GCC_PRECOMPILE_PREFIX_HEADER = YES;
				GCC_PREFIX_HEADER = "Kerberos/Kerberos-Prefix.pch";
				INFOPLIST_FILE = "KerberosTests/KerberosTests-Info.plist";
				PRODUCT_NAME = "$(TARGET_NAME)";
				TEST_HOST = "$(BUNDLE_LOADER)";
				WRAPPER_EXTENSION = xctest;
			};
			name = Release;
		};
/* End XCBuildConfiguration section */

/* Begin XCConfigurationList section */
		FC5880B1187759F4004469CF /* Build configuration list for PBXProject "Kerberos" */ = {
			isa = XCConfigurationList;
			buildConfigurations = (
				FC5880E0187759F5004469CF /* Debug */,
				FC5880E1187759F5004469CF /* Release */,
			);
			defaultConfigurationIsVisible = 0;
			defaultConfigurationName = Release;
		};
		FC5880E2187759F5004469CF /* Build configuration list for PBXNativeTarget "Kerberos" */ = {
			isa = XCConfigurationList;
			buildConfigurations = (
				FC5880E3187759F5004469CF /* Debug */,
				FC5880E4187759F5004469CF /* Release */,
			);
			defaultConfigurationIsVisible = 0;
			defaultConfigurationName = Release;
		};
		FC5880E5187759F5004469CF /* Build configuration list for PBXNativeTarget "KerberosTests" */ = {
			isa = XCConfigurationList;
			buildConfigurations = (
				FC5880E6187759F5004469CF /* Debug */,
				FC5880E7187759F5004469CF /* Release */,
			);
			defaultConfigurationIsVisible = 0;
			defaultConfigurationName = Release;
		};
/* End XCConfigurationList section */
	};
	rootObject = FC5880AE187759F4004469CF /* Project object */;
}
